
Microsoft Visual Studio Solution File, Format Version 12.00
# Visual Studio Version 17
VisualStudioVersion = 17.5.002.0
MinimumVisualStudioVersion = 10.0.40219.1
Project("{9A19103F-16F7-4668-BE54-9A1E7A4F7556}") = "API", "API\API.csproj", "{11A05530-DD0C-406D-8A59-CE1F6586CD7D}"
EndProject
Project("{9A19103F-16F7-4668-BE54-9A1E7A4F7556}") = "Application", "Application\Application.csproj", "{B21BFDD8-31DE-42E2-8E28-ED92EEED4DC7}"
EndProject
Project("{9A19103F-16F7-4668-BE54-9A1E7A4F7556}") = "Domain", "Domain\Domain.csproj", "{14C6E7F8-47FC-4F06-8E53-93347D704932}"
EndProject
Project("{9A19103F-16F7-4668-BE54-9A1E7A4F7556}") = "Infrastructure", "Infrastructure\Infrastructure.csproj", "{38A39368-C82A-425C-AF68-6A6EC841F6FC}"
EndProject
Global
	GlobalSection(SolutionConfigurationPlatforms) = preSolution
		Debug|Any CPU = Debug|Any CPU
		Release|Any CPU = Release|Any CPU
	EndGlobalSection
	GlobalSection(ProjectConfigurationPlatforms) = postSolution
		{11A05530-DD0C-406D-8A59-CE1F6586CD7D}.Debug|Any CPU.ActiveCfg = Debug|Any CPU
		{11A05530-DD0C-406D-8A59-CE1F6586CD7D}.Debug|Any CPU.Build.0 = Debug|Any CPU
		{11A05530-DD0C-406D-8A59-CE1F6586CD7D}.Release|Any CPU.ActiveCfg = Release|Any CPU
		{11A05530-DD0C-406D-8A59-CE1F6586CD7D}.Release|Any CPU.Build.0 = Release|Any CPU
		{B21BFDD8-31DE-42E2-8E28-ED92EEED4DC7}.Debug|Any CPU.ActiveCfg = Debug|Any CPU
		{B21BFDD8-31DE-42E2-8E28-ED92EEED4DC7}.Debug|Any CPU.Build.0 = Debug|Any CPU
		{B21BFDD8-31DE-42E2-8E28-ED92EEED4DC7}.Release|Any CPU.ActiveCfg = Release|Any CPU
		{B21BFDD8-31DE-42E2-8E28-ED92EEED4DC7}.Release|Any CPU.Build.0 = Release|Any CPU
		{14C6E7F8-47FC-4F06-8E53-93347D704932}.Debug|Any CPU.ActiveCfg = Debug|Any CPU
		{14C6E7F8-47FC-4F06-8E53-93347D704932}.Debug|Any CPU.Build.0 = Debug|Any CPU
		{14C6E7F8-47FC-4F06-8E53-93347D704932}.Release|Any CPU.ActiveCfg = Release|Any CPU
		{14C6E7F8-47FC-4F06-8E53-93347D704932}.Release|Any CPU.Build.0 = Release|Any CPU
		{38A39368-C82A-425C-AF68-6A6EC841F6FC}.Debug|Any CPU.ActiveCfg = Debug|Any CPU
		{38A39368-C82A-425C-AF68-6A6EC841F6FC}.Debug|Any CPU.Build.0 = Debug|Any CPU
		{38A39368-C82A-425C-AF68-6A6EC841F6FC}.Release|Any CPU.ActiveCfg = Release|Any CPU
		{38A39368-C82A-425C-AF68-6A6EC841F6FC}.Release|Any CPU.Build.0 = Release|Any CPU
	EndGlobalSection
	GlobalSection(SolutionProperties) = preSolution
		HideSolutionNode = FALSE
	EndGlobalSection
	GlobalSection(ExtensibilityGlobals) = postSolution
		SolutionGuid = {10B450BF-E496-4BE5-BBF0-8D1A04732F83}
	EndGlobalSection
EndGlobal
